PODS:
  - DDWKWebViewJavascriptBridge (1.0.1)

DEPENDENCIES:
  - DDWKWebViewJavascriptBridge (from `../..`)

EXTERNAL SOURCES:
  DDWKWebViewJavascriptBridge:
    :path: "../.."

SPEC CHECKSUMS:
  DDWKWebViewJavascriptBridge: 01f8c773f4e03dcd14151c94f8761f7ea14191b9

PODFILE CHECKSUM: a3c1bde831ca6855f5c29885fe3bc1c1a3c84ed0

COCOAPODS: 1.13.0
